
Microsoft Visual Studio Solution File, Format Version 12.00
# Visual Studio 15
VisualStudioVersion = 15.0.27703.2026
MinimumVisualStudioVersion = 10.0.40219.1
Project("{FAE04EC0-301F-11D3-BF4B-00C04F79EFBC}") = "KafkaConsumer", "KafkaConsumer\KafkaConsumer.csproj", "{36B53018-2B29-48C6-AB79-4E24DD0CC261}"
EndProject
Global
	GlobalSection(SolutionConfigurationPlatforms) = preSolution
		Debug|Any CPU = Debug|Any CPU
		Release|Any CPU = Release|Any CPU
	EndGlobalSection
	GlobalSection(ProjectConfigurationPlatforms) = postSolution
		{36B53018-2B29-48C6-AB79-4E24DD0CC261}.Debug|Any CPU.ActiveCfg = Debug|Any CPU
		{36B53018-2B29-48C6-AB79-4E24DD0CC261}.Debug|Any CPU.Build.0 = Debug|Any CPU
		{36B53018-2B29-48C6-AB79-4E24DD0CC261}.Release|Any CPU.ActiveCfg = Release|Any CPU
		{36B53018-2B29-48C6-AB79-4E24DD0CC261}.Release|Any CPU.Build.0 = Release|Any CPU
	EndGlobalSection
	GlobalSection(SolutionProperties) = preSolution
		HideSolutionNode = FALSE
	EndGlobalSection
	GlobalSection(ExtensibilityGlobals) = postSolution
		SolutionGuid = {4465C550-DFD8-456F-9DD7-BCE484142DA0}
	EndGlobalSection
EndGlobal
